
Microsoft Visual Studio Solution File, Format Version 12.00
# Visual Studio 15
VisualStudioVersion = 15.0.26730.16
MinimumVisualStudioVersion = 10.0.40219.1
Project("{FAE04EC0-301F-11D3-BF4B-00C04F79EFBC}") = "ExampleJWT", "ExampleJWT\ExampleJWT.csproj", "{AF02B41C-F692-4D47-B554-7537644BFE5B}"
EndProject
Global
	GlobalSection(SolutionConfigurationPlatforms) = preSolution
		Debug|Any CPU = Debug|Any CPU
		Release|Any CPU = Release|Any CPU
	EndGlobalSection
	GlobalSection(ProjectConfigurationPlatforms) = postSolution
		{AF02B41C-F692-4D47-B554-7537644BFE5B}.Debug|Any CPU.ActiveCfg = Debug|Any CPU
		{AF02B41C-F692-4D47-B554-7537644BFE5B}.Debug|Any CPU.Build.0 = Debug|Any CPU
		{AF02B41C-F692-4D47-B554-7537644BFE5B}.Release|Any CPU.ActiveCfg = Release|Any CPU
		{AF02B41C-F692-4D47-B554-7537644BFE5B}.Release|Any CPU.Build.0 = Release|Any CPU
	EndGlobalSection
	GlobalSection(SolutionProperties) = preSolution
		HideSolutionNode = FALSE
	EndGlobalSection
	GlobalSection(ExtensibilityGlobals) = postSolution
		SolutionGuid = {A2E30D5D-0246-4EF5-979E-9BBF57D17220}
	EndGlobalSection
EndGlobal
