
Microsoft Visual Studio Solution File, Format Version 12.00
# Visual Studio 15
VisualStudioVersion = 15.0.26730.16
MinimumVisualStudioVersion = 10.0.40219.1
Project("{FAE04EC0-301F-11D3-BF4B-00C04F79EFBC}") = "upload_file", "upload_file\upload_file.csproj", "{8E230CA9-359A-4E82-B879-29991568AF89}"
EndProject
Global
	GlobalSection(SolutionConfigurationPlatforms) = preSolution
		Debug|Any CPU = Debug|Any CPU
		Release|Any CPU = Release|Any CPU
	EndGlobalSection
	GlobalSection(ProjectConfigurationPlatforms) = postSolution
		{8E230CA9-359A-4E82-B879-29991568AF89}.Debug|Any CPU.ActiveCfg = Debug|Any CPU
		{8E230CA9-359A-4E82-B879-29991568AF89}.Debug|Any CPU.Build.0 = Debug|Any CPU
		{8E230CA9-359A-4E82-B879-29991568AF89}.Release|Any CPU.ActiveCfg = Release|Any CPU
		{8E230CA9-359A-4E82-B879-29991568AF89}.Release|Any CPU.Build.0 = Release|Any CPU
	EndGlobalSection
	GlobalSection(SolutionProperties) = preSolution
		HideSolutionNode = FALSE
	EndGlobalSection
	GlobalSection(ExtensibilityGlobals) = postSolution
		SolutionGuid = {DBFCD326-2694-4B52-A520-0A5E5A3B8F46}
	EndGlobalSection
EndGlobal
